// !$*UTF8*$!
{
	archiveVersion = 1;
	classes = {
	};
	objectVersion = 56;
	objects = {

/* Begin PBXBuildFile section */
		86535AF82B35960800DD1D4F /* AppDelegate.swift in Sources */ = {isa = PBXBuildFile; fileRef = 86535AF72B35960800DD1D4F /* AppDelegate.swift */; };
		86535AFA2B35960800DD1D4F /* SceneDelegate.swift in Sources */ = {isa = PBXBuildFile; fileRef = 86535AF92B35960800DD1D4F /* SceneDelegate.swift */; };
		86535AFC2B35960800DD1D4F /* WeatherViewController.swift in Sources */ = {isa = PBXBuildFile; fileRef = 86535AFB2B35960800DD1D4F /* WeatherViewController.swift */; };
		86535B042B35960900DD1D4F /* Assets.xcassets in Resources */ = {isa = PBXBuildFile; fileRef = 86535B032B35960900DD1D4F /* Assets.xcassets */; };
		86535B072B35960900DD1D4F /* LaunchScreen.storyboard in Resources */ = {isa = PBXBuildFile; fileRef = 86535B052B35960900DD1D4F /* LaunchScreen.storyboard */; };
		86535B162B35A67200DD1D4F /* LocationManager.swift in Sources */ = {isa = PBXBuildFile; fileRef = 86535B152B35A67200DD1D4F /* LocationManager.swift */; };
		86535B1A2B35A69D00DD1D4F /* WeatherManager.swift in Sources */ = {isa = PBXBuildFile; fileRef = 86535B192B35A69D00DD1D4F /* WeatherManager.swift */; };
		86535B202B35B84D00DD1D4F /* CurrentWeatherView.swift in Sources */ = {isa = PBXBuildFile; fileRef = 86535B1F2B35B84D00DD1D4F /* CurrentWeatherView.swift */; };
		866FEEC02B360D220066981F /* CurrentWeatherSection.swift in Sources */ = {isa = PBXBuildFile; fileRef = 866FEEBF2B360D220066981F /* CurrentWeatherSection.swift */; };
		866FEEC32B381D410066981F /* CurrentWeatherCollectionViewCell.swift in Sources */ = {isa = PBXBuildFile; fileRef = 866FEEC22B381D410066981F /* CurrentWeatherCollectionViewCell.swift */; };
		866FEEC52B381D9C0066981F /* DailyWeatherCollectionViewCell.swift in Sources */ = {isa = PBXBuildFile; fileRef = 866FEEC42B381D9C0066981F /* DailyWeatherCollectionViewCell.swift */; };
		866FEEC72B381DAC0066981F /* HourlyWeatherCollectionViewCell.swift in Sources */ = {isa = PBXBuildFile; fileRef = 866FEEC62B381DAC0066981F /* HourlyWeatherCollectionViewCell.swift */; };
		866FEED12B383B080066981F /* CurrentWeatherViewModel.swift in Sources */ = {isa = PBXBuildFile; fileRef = 866FEED02B383B080066981F /* CurrentWeatherViewModel.swift */; };
		866FEED32B383B5E0066981F /* CurrentWeatherCollectionViewCellViewModel.swift in Sources */ = {isa = PBXBuildFile; fileRef = 866FEED22B383B5E0066981F /* CurrentWeatherCollectionViewCellViewModel.swift */; };
		866FEED52B383B9E0066981F /* HourlyWeatherCollectionViewCellViewModel.swift in Sources */ = {isa = PBXBuildFile; fileRef = 866FEED42B383B9E0066981F /* HourlyWeatherCollectionViewCellViewModel.swift */; };
		866FEED72B383BCB0066981F /* DailyWeatherCollectionViewCellViewModel.swift in Sources */ = {isa = PBXBuildFile; fileRef = 866FEED62B383BCB0066981F /* DailyWeatherCollectionViewCellViewModel.swift */; };
		86EA86E42BAC323200FA1365 /* UILabel+Extension.swift in Sources */ = {isa = PBXBuildFile; fileRef = 86EA86E32BAC323200FA1365 /* UILabel+Extension.swift */; };
		86EA86E62BAC33CC00FA1365 /* UIStackView+Extension.swift in Sources */ = {isa = PBXBuildFile; fileRef = 86EA86E52BAC33CC00FA1365 /* UIStackView+Extension.swift */; };
		86EA86E82BAC3A7500FA1365 /* UIImageView+Extension.swift in Sources */ = {isa = PBXBuildFile; fileRef = 86EA86E72BAC3A7500FA1365 /* UIImageView+Extension.swift */; };
		86EA86EB2BAC57F900FA1365 /* AlertModel.swift in Sources */ = {isa = PBXBuildFile; fileRef = 86EA86EA2BAC57F900FA1365 /* AlertModel.swift */; };
		86EA86ED2BAC58AD00FA1365 /* UIViewController+Extension.swift in Sources */ = {isa = PBXBuildFile; fileRef = 86EA86EC2BAC58AD00FA1365 /* UIViewController+Extension.swift */; };
/* End PBXBuildFile section */

/* Begin PBXFileReference section */
		86535AF42B35960800DD1D4F /* BrightSky.app */ = {isa = PBXFileReference; explicitFileType = wrapper.application; includeInIndex = 0; path = BrightSky.app; sourceTree = BUILT_PRODUCTS_DIR; };
		86535AF72B35960800DD1D4F /* AppDelegate.swift */ = {isa = PBXFileReference; lastKnownFileType = sourcecode.swift; path = AppDelegate.swift; sourceTree = "<group>"; };
		86535AF92B35960800DD1D4F /* SceneDelegate.swift */ = {isa = PBXFileReference; lastKnownFileType = sourcecode.swift; path = SceneDelegate.swift; sourceTree = "<group>"; };
		86535AFB2B35960800DD1D4F /* WeatherViewController.swift */ = {isa = PBXFileReference; lastKnownFileType = sourcecode.swift; path = WeatherViewController.swift; sourceTree = "<group>"; };
		86535B032B35960900DD1D4F /* Assets.xcassets */ = {isa = PBXFileReference; lastKnownFileType = folder.assetcatalog; path = Assets.xcassets; sourceTree = "<group>"; };
		86535B062B35960900DD1D4F /* Base */ = {isa = PBXFileReference; lastKnownFileType = file.storyboard; name = Base; path = Base.lproj/LaunchScreen.storyboard; sourceTree = "<group>"; };
		86535B082B35960900DD1D4F /* Info.plist */ = {isa = PBXFileReference; lastKnownFileType = text.plist.xml; path = Info.plist; sourceTree = "<group>"; };
		86535B0E2B359B1B00DD1D4F /* BrightSky.entitlements */ = {isa = PBXFileReference; lastKnownFileType = text.plist.entitlements; path = BrightSky.entitlements; sourceTree = "<group>"; };
		86535B152B35A67200DD1D4F /* LocationManager.swift */ = {isa = PBXFileReference; lastKnownFileType = sourcecode.swift; path = LocationManager.swift; sourceTree = "<group>"; };
		86535B192B35A69D00DD1D4F /* WeatherManager.swift */ = {isa = PBXFileReference; lastKnownFileType = sourcecode.swift; path = WeatherManager.swift; sourceTree = "<group>"; };
		86535B1F2B35B84D00DD1D4F /* CurrentWeatherView.swift */ = {isa = PBXFileReference; lastKnownFileType = sourcecode.swift; path = CurrentWeatherView.swift; sourceTree = "<group>"; };
		866FEEBF2B360D220066981F /* CurrentWeatherSection.swift */ = {isa = PBXFileReference; lastKnownFileType = sourcecode.swift; path = CurrentWeatherSection.swift; sourceTree = "<group>"; };
		866FEEC22B381D410066981F /* CurrentWeatherCollectionViewCell.swift */ = {isa = PBXFileReference; lastKnownFileType = sourcecode.swift; path = CurrentWeatherCollectionViewCell.swift; sourceTree = "<group>"; };
		866FEEC42B381D9C0066981F /* DailyWeatherCollectionViewCell.swift */ = {isa = PBXFileReference; lastKnownFileType = sourcecode.swift; path = DailyWeatherCollectionViewCell.swift; sourceTree = "<group>"; };
		866FEEC62B381DAC0066981F /* HourlyWeatherCollectionViewCell.swift */ = {isa = PBXFileReference; lastKnownFileType = sourcecode.swift; path = HourlyWeatherCollectionViewCell.swift; sourceTree = "<group>"; };
		866FEED02B383B080066981F /* CurrentWeatherViewModel.swift */ = {isa = PBXFileReference; lastKnownFileType = sourcecode.swift; path = CurrentWeatherViewModel.swift; sourceTree = "<group>"; };
		866FEED22B383B5E0066981F /* CurrentWeatherCollectionViewCellViewModel.swift */ = {isa = PBXFileReference; lastKnownFileType = sourcecode.swift; path = CurrentWeatherCollectionViewCellViewModel.swift; sourceTree = "<group>"; };
		866FEED42B383B9E0066981F /* HourlyWeatherCollectionViewCellViewModel.swift */ = {isa = PBXFileReference; lastKnownFileType = sourcecode.swift; path = HourlyWeatherCollectionViewCellViewModel.swift; sourceTree = "<group>"; };
		866FEED62B383BCB0066981F /* DailyWeatherCollectionViewCellViewModel.swift */ = {isa = PBXFileReference; lastKnownFileType = sourcecode.swift; path = DailyWeatherCollectionViewCellViewModel.swift; sourceTree = "<group>"; };
		86EA86E32BAC323200FA1365 /* UILabel+Extension.swift */ = {isa = PBXFileReference; lastKnownFileType = sourcecode.swift; path = "UILabel+Extension.swift"; sourceTree = "<group>"; };
		86EA86E52BAC33CC00FA1365 /* UIStackView+Extension.swift */ = {isa = PBXFileReference; lastKnownFileType = sourcecode.swift; path = "UIStackView+Extension.swift"; sourceTree = "<group>"; };
		86EA86E72BAC3A7500FA1365 /* UIImageView+Extension.swift */ = {isa = PBXFileReference; lastKnownFileType = sourcecode.swift; path = "UIImageView+Extension.swift"; sourceTree = "<group>"; };
		86EA86EA2BAC57F900FA1365 /* AlertModel.swift */ = {isa = PBXFileReference; lastKnownFileType = sourcecode.swift; path = AlertModel.swift; sourceTree = "<group>"; };
		86EA86EC2BAC58AD00FA1365 /* UIViewController+Extension.swift */ = {isa = PBXFileReference; lastKnownFileType = sourcecode.swift; path = "UIViewController+Extension.swift"; sourceTree = "<group>"; };
/* End PBXFileReference section */

/* Begin PBXFrameworksBuildPhase section */
		86535AF12B35960800DD1D4F /* Frameworks */ = {
			isa = PBXFrameworksBuildPhase;
			buildActionMask = 2147483647;
			files = (
			);
			runOnlyForDeploymentPostprocessing = 0;
		};
/* End PBXFrameworksBuildPhase section */

/* Begin PBXGroup section */
		86535AEB2B35960800DD1D4F = {
			isa = PBXGroup;
			children = (
				86535AF62B35960800DD1D4F /* BrightSky */,
				86535AF52B35960800DD1D4F /* Products */,
			);
			sourceTree = "<group>";
		};
		86535AF52B35960800DD1D4F /* Products */ = {
			isa = PBXGroup;
			children = (
				86535AF42B35960800DD1D4F /* BrightSky.app */,
			);
			name = Products;
			sourceTree = "<group>";
		};
		86535AF62B35960800DD1D4F /* BrightSky */ = {
			isa = PBXGroup;
			children = (
				86EA86E92BAC57E200FA1365 /* Models */,
				86EA86E22BAC320F00FA1365 /* Extensions */,
				86535B142B35A64C00DD1D4F /* Managers */,
				86535B132B35A61100DD1D4F /* Other */,
				86535B122B35A60B00DD1D4F /* Controllers */,
				86535B102B35A5FD00DD1D4F /* ViewModels */,
				86535B0F2B35A5F700DD1D4F /* Views */,
				86535B0E2B359B1B00DD1D4F /* BrightSky.entitlements */,
				86535B082B35960900DD1D4F /* Info.plist */,
			);
			path = BrightSky;
			sourceTree = "<group>";
		};
		86535B0F2B35A5F700DD1D4F /* Views */ = {
			isa = PBXGroup;
			children = (
				866FEEC12B381D0F0066981F /* WeatherCells */,
				86535B1F2B35B84D00DD1D4F /* CurrentWeatherView.swift */,
			);
			path = Views;
			sourceTree = "<group>";
		};
		86535B102B35A5FD00DD1D4F /* ViewModels */ = {
			isa = PBXGroup;
			children = (
				866FEEBF2B360D220066981F /* CurrentWeatherSection.swift */,
				866FEED02B383B080066981F /* CurrentWeatherViewModel.swift */,
				866FEED22B383B5E0066981F /* CurrentWeatherCollectionViewCellViewModel.swift */,
				866FEED42B383B9E0066981F /* HourlyWeatherCollectionViewCellViewModel.swift */,
				866FEED62B383BCB0066981F /* DailyWeatherCollectionViewCellViewModel.swift */,
			);
			path = ViewModels;
			sourceTree = "<group>";
		};
		86535B122B35A60B00DD1D4F /* Controllers */ = {
			isa = PBXGroup;
			children = (
				86535AFB2B35960800DD1D4F /* WeatherViewController.swift */,
			);
			path = Controllers;
			sourceTree = "<group>";
		};
		86535B132B35A61100DD1D4F /* Other */ = {
			isa = PBXGroup;
			children = (
				86535B032B35960900DD1D4F /* Assets.xcassets */,
				86535B052B35960900DD1D4F /* LaunchScreen.storyboard */,
				86535AF72B35960800DD1D4F /* AppDelegate.swift */,
				86535AF92B35960800DD1D4F /* SceneDelegate.swift */,
			);
			path = Other;
			sourceTree = "<group>";
		};
		86535B142B35A64C00DD1D4F /* Managers */ = {
			isa = PBXGroup;
			children = (
				86535B152B35A67200DD1D4F /* LocationManager.swift */,
				86535B192B35A69D00DD1D4F /* WeatherManager.swift */,
			);
			path = Managers;
			sourceTree = "<group>";
		};
		866FEEC12B381D0F0066981F /* WeatherCells */ = {
			isa = PBXGroup;
			children = (
				866FEEC22B381D410066981F /* CurrentWeatherCollectionViewCell.swift */,
				866FEEC62B381DAC0066981F /* HourlyWeatherCollectionViewCell.swift */,
				866FEEC42B381D9C0066981F /* DailyWeatherCollectionViewCell.swift */,
			);
			path = WeatherCells;
			sourceTree = "<group>";
		};
		86EA86E22BAC320F00FA1365 /* Extensions */ = {
			isa = PBXGroup;
			children = (
				86EA86E32BAC323200FA1365 /* UILabel+Extension.swift */,
				86EA86E52BAC33CC00FA1365 /* UIStackView+Extension.swift */,
				86EA86E72BAC3A7500FA1365 /* UIImageView+Extension.swift */,
				86EA86EC2BAC58AD00FA1365 /* UIViewController+Extension.swift */,
			);
			path = Extensions;
			sourceTree = "<group>";
		};
		86EA86E92BAC57E200FA1365 /* Models */ = {
			isa = PBXGroup;
			children = (
				86EA86EA2BAC57F900FA1365 /* AlertModel.swift */,
			);
			path = Models;
			sourceTree = "<group>";
		};
/* End PBXGroup section */

/* Begin PBXNativeTarget section */
		86535AF32B35960800DD1D4F /* BrightSky */ = {
			isa = PBXNativeTarget;
			buildConfigurationList = 86535B0B2B35960900DD1D4F /* Build configuration list for PBXNativeTarget "BrightSky" */;
			buildPhases = (
				86535AF02B35960800DD1D4F /* Sources */,
				86535AF12B35960800DD1D4F /* Frameworks */,
				86535AF22B35960800DD1D4F /* Resources */,
			);
			buildRules = (
			);
			dependencies = (
			);
			name = BrightSky;
			productName = BrightSky;
			productReference = 86535AF42B35960800DD1D4F /* BrightSky.app */;
			productType = "com.apple.product-type.application";
		};
/* End PBXNativeTarget section */

/* Begin PBXProject section */
		86535AEC2B35960800DD1D4F /* Project object */ = {
			isa = PBXProject;
			attributes = {
				BuildIndependentTargetsInParallel = 1;
				LastSwiftUpdateCheck = 1500;
				LastUpgradeCheck = 1500;
				TargetAttributes = {
					86535AF32B35960800DD1D4F = {
						CreatedOnToolsVersion = 15.0.1;
					};
				};
			};
			buildConfigurationList = 86535AEF2B35960800DD1D4F /* Build configuration list for PBXProject "BrightSky" */;
			compatibilityVersion = "Xcode 14.0";
			developmentRegion = en;
			hasScannedForEncodings = 0;
			knownRegions = (
				en,
				Base,
			);
			mainGroup = 86535AEB2B35960800DD1D4F;
			productRefGroup = 86535AF52B35960800DD1D4F /* Products */;
			projectDirPath = "";
			projectRoot = "";
			targets = (
				86535AF32B35960800DD1D4F /* BrightSky */,
			);
		};
/* End PBXProject section */

/* Begin PBXResourcesBuildPhase section */
		86535AF22B35960800DD1D4F /* Resources */ = {
			isa = PBXResourcesBuildPhase;
			buildActionMask = 2147483647;
			files = (
				86535B072B35960900DD1D4F /* LaunchScreen.storyboard in Resources */,
				86535B042B35960900DD1D4F /* Assets.xcassets in Resources */,
			);
			runOnlyForDeploymentPostprocessing = 0;
		};
/* End PBXResourcesBuildPhase section */

/* Begin PBXSourcesBuildPhase section */
		86535AF02B35960800DD1D4F /* Sources */ = {
			isa = PBXSourcesBuildPhase;
			buildActionMask = 2147483647;
			files = (
				866FEED52B383B9E0066981F /* HourlyWeatherCollectionViewCellViewModel.swift in Sources */,
				866FEED72B383BCB0066981F /* DailyWeatherCollectionViewCellViewModel.swift in Sources */,
				86535AFC2B35960800DD1D4F /* WeatherViewController.swift in Sources */,
				866FEEC02B360D220066981F /* CurrentWeatherSection.swift in Sources */,
				86535B202B35B84D00DD1D4F /* CurrentWeatherView.swift in Sources */,
				86535B1A2B35A69D00DD1D4F /* WeatherManager.swift in Sources */,
				86EA86E42BAC323200FA1365 /* UILabel+Extension.swift in Sources */,
				86535B162B35A67200DD1D4F /* LocationManager.swift in Sources */,
				86EA86ED2BAC58AD00FA1365 /* UIViewController+Extension.swift in Sources */,
				86535AF82B35960800DD1D4F /* AppDelegate.swift in Sources */,
				866FEED12B383B080066981F /* CurrentWeatherViewModel.swift in Sources */,
				866FEEC72B381DAC0066981F /* HourlyWeatherCollectionViewCell.swift in Sources */,
				866FEED32B383B5E0066981F /* CurrentWeatherCollectionViewCellViewModel.swift in Sources */,
				86535AFA2B35960800DD1D4F /* SceneDelegate.swift in Sources */,
				86EA86E62BAC33CC00FA1365 /* UIStackView+Extension.swift in Sources */,
				866FEEC52B381D9C0066981F /* DailyWeatherCollectionViewCell.swift in Sources */,
				86EA86E82BAC3A7500FA1365 /* UIImageView+Extension.swift in Sources */,
				86EA86EB2BAC57F900FA1365 /* AlertModel.swift in Sources */,
				866FEEC32B381D410066981F /* CurrentWeatherCollectionViewCell.swift in Sources */,
			);
			runOnlyForDeploymentPostprocessing = 0;
		};
/* End PBXSourcesBuildPhase section */

/* Begin PBXVariantGroup section */
		86535B052B35960900DD1D4F /* LaunchScreen.storyboard */ = {
			isa = PBXVariantGroup;
			children = (
				86535B062B35960900DD1D4F /* Base */,
			);
			name = LaunchScreen.storyboard;
			sourceTree = "<group>";
		};
/* End PBXVariantGroup section */

/* Begin XCBuildConfiguration section */
		86535B092B35960900DD1D4F /* Debug */ = {
			isa = XCBuildConfiguration;
			buildSettings = {
				ALWAYS_SEARCH_USER_PATHS = NO;
				ASSETCATALOG_COMPILER_GENERATE_SWIFT_ASSET_SYMBOL_EXTENSIONS = YES;
				CLANG_ANALYZER_NONNULL = YES;
				CLANG_ANALYZER_NUMBER_OBJECT_CONVERSION = YES_AGGRESSIVE;
				CLANG_CXX_LANGUAGE_STANDARD = "gnu++20";
				CLANG_ENABLE_MODULES = YES;
				CLANG_ENABLE_OBJC_ARC = YES;
				CLANG_ENABLE_OBJC_WEAK = YES;
				CLANG_WARN_BLOCK_CAPTURE_AUTORELEASING = YES;
				CLANG_WARN_BOOL_CONVERSION = YES;
				CLANG_WARN_COMMA = YES;
				CLANG_WARN_CONSTANT_CONVERSION = YES;
				CLANG_WARN_DEPRECATED_OBJC_IMPLEMENTATIONS = YES;
				CLANG_WARN_DIRECT_OBJC_ISA_USAGE = YES_ERROR;
				CLANG_WARN_DOCUMENTATION_COMMENTS = YES;
				CLANG_WARN_EMPTY_BODY = YES;
				CLANG_WARN_ENUM_CONVERSION = YES;
				CLANG_WARN_INFINITE_RECURSION = YES;
				CLANG_WARN_INT_CONVERSION = YES;
				CLANG_WARN_NON_LITERAL_NULL_CONVERSION = YES;
				CLANG_WARN_OBJC_IMPLICIT_RETAIN_SELF = YES;
				CLANG_WARN_OBJC_LITERAL_CONVERSION = YES;
				CLANG_WARN_OBJC_ROOT_CLASS = YES_ERROR;
				CLANG_WARN_QUOTED_INCLUDE_IN_FRAMEWORK_HEADER = YES;
				CLANG_WARN_RANGE_LOOP_ANALYSIS = YES;
				CLANG_WARN_STRICT_PROTOTYPES = YES;
				CLANG_WARN_SUSPICIOUS_MOVE = YES;
				CLANG_WARN_UNGUARDED_AVAILABILITY = YES_AGGRESSIVE;
				CLANG_WARN_UNREACHABLE_CODE = YES;
				CLANG_WARN__DUPLICATE_METHOD_MATCH = YES;
				COPY_PHASE_STRIP = NO;
				DEBUG_INFORMATION_FORMAT = dwarf;
				ENABLE_STRICT_OBJC_MSGSEND = YES;
				ENABLE_TESTABILITY = YES;
				ENABLE_USER_SCRIPT_SANDBOXING = YES;
				GCC_C_LANGUAGE_STANDARD = gnu17;
				GCC_DYNAMIC_NO_PIC = NO;
				GCC_NO_COMMON_BLOCKS = YES;
				GCC_OPTIMIZATION_LEVEL = 0;
				GCC_PREPROCESSOR_DEFINITIONS = (
					"DEBUG=1",
					"$(inherited)",
				);
				GCC_WARN_64_TO_32_BIT_CONVERSION = YES;
				GCC_WARN_ABOUT_RETURN_TYPE = YES_ERROR;
				GCC_WARN_UNDECLARED_SELECTOR = YES;
				GCC_WARN_UNINITIALIZED_AUTOS = YES_AGGRESSIVE;
				GCC_WARN_UNUSED_FUNCTION = YES;
				GCC_WARN_UNUSED_VARIABLE = YES;
				IPHONEOS_DEPLOYMENT_TARGET = 16.0;
				LOCALIZATION_PREFERS_STRING_CATALOGS = YES;
				MTL_ENABLE_DEBUG_INFO = INCLUDE_SOURCE;
				MTL_FAST_MATH = YES;
				ONLY_ACTIVE_ARCH = YES;
				SDKROOT = iphoneos;
				SWIFT_ACTIVE_COMPILATION_CONDITIONS = "DEBUG $(inherited)";
				SWIFT_OPTIMIZATION_LEVEL = "-Onone";
			};
			name = Debug;
		};
		86535B0A2B35960900DD1D4F /* Release */ = {
			isa = XCBuildConfiguration;
			buildSettings = {
				ALWAYS_SEARCH_USER_PATHS = NO;
				ASSETCATALOG_COMPILER_GENERATE_SWIFT_ASSET_SYMBOL_EXTENSIONS = YES;
				CLANG_ANALYZER_NONNULL = YES;
				CLANG_ANALYZER_NUMBER_OBJECT_CONVERSION = YES_AGGRESSIVE;
				CLANG_CXX_LANGUAGE_STANDARD = "gnu++20";
				CLANG_ENABLE_MODULES = YES;
				CLANG_ENABLE_OBJC_ARC = YES;
				CLANG_ENABLE_OBJC_WEAK = YES;
				CLANG_WARN_BLOCK_CAPTURE_AUTORELEASING = YES;
				CLANG_WARN_BOOL_CONVERSION = YES;
				CLANG_WARN_COMMA = YES;
				CLANG_WARN_CONSTANT_CONVERSION = YES;
				CLANG_WARN_DEPRECATED_OBJC_IMPLEMENTATIONS = YES;
				CLANG_WARN_DIRECT_OBJC_ISA_USAGE = YES_ERROR;
				CLANG_WARN_DOCUMENTATION_COMMENTS = YES;
				CLANG_WARN_EMPTY_BODY = YES;
				CLANG_WARN_ENUM_CONVERSION = YES;
				CLANG_WARN_INFINITE_RECURSION = YES;
				CLANG_WARN_INT_CONVERSION = YES;
				CLANG_WARN_NON_LITERAL_NULL_CONVERSION = YES;
				CLANG_WARN_OBJC_IMPLICIT_RETAIN_SELF = YES;
				CLANG_WARN_OBJC_LITERAL_CONVERSION = YES;
				CLANG_WARN_OBJC_ROOT_CLASS = YES_ERROR;
				CLANG_WARN_QUOTED_INCLUDE_IN_FRAMEWORK_HEADER = YES;
				CLANG_WARN_RANGE_LOOP_ANALYSIS = YES;
				CLANG_WARN_STRICT_PROTOTYPES = YES;
				CLANG_WARN_SUSPICIOUS_MOVE = YES;
				CLANG_WARN_UNGUARDED_AVAILABILITY = YES_AGGRESSIVE;
				CLANG_WARN_UNREACHABLE_CODE = YES;
				CLANG_WARN__DUPLICATE_METHOD_MATCH = YES;
				COPY_PHASE_STRIP = NO;
				DEBUG_INFORMATION_FORMAT = "dwarf-with-dsym";
				ENABLE_NS_ASSERTIONS = NO;
				ENABLE_STRICT_OBJC_MSGSEND = YES;
				ENABLE_USER_SCRIPT_SANDBOXING = YES;
				GCC_C_LANGUAGE_STANDARD = gnu17;
				GCC_NO_COMMON_BLOCKS = YES;
				GCC_WARN_64_TO_32_BIT_CONVERSION = YES;
				GCC_WARN_ABOUT_RETURN_TYPE = YES_ERROR;
				GCC_WARN_UNDECLARED_SELECTOR = YES;
				GCC_WARN_UNINITIALIZED_AUTOS = YES_AGGRESSIVE;
				GCC_WARN_UNUSED_FUNCTION = YES;
				GCC_WARN_UNUSED_VARIABLE = YES;
				IPHONEOS_DEPLOYMENT_TARGET = 16.0;
				LOCALIZATION_PREFERS_STRING_CATALOGS = YES;
				MTL_ENABLE_DEBUG_INFO = NO;
				MTL_FAST_MATH = YES;
				SDKROOT = iphoneos;
				SWIFT_COMPILATION_MODE = wholemodule;
				VALIDATE_PRODUCT = YES;
			};
			name = Release;
		};
		86535B0C2B35960900DD1D4F /* Debug */ = {
			isa = XCBuildConfiguration;
			buildSettings = {
				ASSETCATALOG_COMPILER_APPICON_NAME = AppIcon;
				ASSETCATALOG_COMPILER_GLOBAL_ACCENT_COLOR_NAME = AccentColor;
				CODE_SIGN_ENTITLEMENTS = BrightSky/BrightSky.entitlements;
				CODE_SIGN_STYLE = Automatic;
				CURRENT_PROJECT_VERSION = 1;
				DEVELOPMENT_TEAM = TBAWAVUTF2;
				GENERATE_INFOPLIST_FILE = YES;
				INFOPLIST_FILE = BrightSky/Info.plist;
				INFOPLIST_KEY_NSLocationWhenInUseUsageDescription = "Please allow location to see your local weather";
				INFOPLIST_KEY_UIApplicationSupportsIndirectInputEvents = YES;
				INFOPLIST_KEY_UILaunchStoryboardName = LaunchScreen;
				INFOPLIST_KEY_UISupportedInterfaceOrientations = UIInterfaceOrientationPortrait;
				INFOPLIST_KEY_UISupportedInterfaceOrientations_iPad = "UIInterfaceOrientationLandscapeLeft UIInterfaceOrientationLandscapeRight UIInterfaceOrientationPortrait UIInterfaceOrientationPortraitUpsideDown";
				IPHONEOS_DEPLOYMENT_TARGET = 16.0;
				LD_RUNPATH_SEARCH_PATHS = (
					"$(inherited)",
					"@executable_path/Frameworks",
				);
				MARKETING_VERSION = 1.0;
				PRODUCT_BUNDLE_IDENTIFIER = johnSinmaker.birghtsky;
				PRODUCT_NAME = "$(TARGET_NAME)";
				SUPPORTED_PLATFORMS = "iphoneos iphonesimulator";
				SUPPORTS_MACCATALYST = NO;
				SUPPORTS_MAC_DESIGNED_FOR_IPHONE_IPAD = NO;
				SUPPORTS_XR_DESIGNED_FOR_IPHONE_IPAD = NO;
				SWIFT_EMIT_LOC_STRINGS = YES;
				SWIFT_VERSION = 5.0;
				TARGETED_DEVICE_FAMILY = 1;
			};
			name = Debug;
		};
		86535B0D2B35960900DD1D4F /* Release */ = {
			isa = XCBuildConfiguration;
			buildSettings = {
				ASSETCATALOG_COMPILER_APPICON_NAME = AppIcon;
				ASSETCATALOG_COMPILER_GLOBAL_ACCENT_COLOR_NAME = AccentColor;
				CODE_SIGN_ENTITLEMENTS = BrightSky/BrightSky.entitlements;
				CODE_SIGN_STYLE = Automatic;
				CURRENT_PROJECT_VERSION = 1;
				DEVELOPMENT_TEAM = TBAWAVUTF2;
				GENERATE_INFOPLIST_FILE = YES;
				INFOPLIST_FILE = BrightSky/Info.plist;
				INFOPLIST_KEY_NSLocationWhenInUseUsageDescription = "Please allow location to see your local weather";
				INFOPLIST_KEY_UIApplicationSupportsIndirectInputEvents = YES;
				INFOPLIST_KEY_UILaunchStoryboardName = LaunchScreen;
				INFOPLIST_KEY_UISupportedInterfaceOrientations = UIInterfaceOrientationPortrait;
				INFOPLIST_KEY_UISupportedInterfaceOrientations_iPad = "UIInterfaceOrientationLandscapeLeft UIInterfaceOrientationLandscapeRight UIInterfaceOrientationPortrait UIInterfaceOrientationPortraitUpsideDown";
				IPHONEOS_DEPLOYMENT_TARGET = 16.0;
				LD_RUNPATH_SEARCH_PATHS = (
					"$(inherited)",
					"@executable_path/Frameworks",
				);
				MARKETING_VERSION = 1.0;
				PRODUCT_BUNDLE_IDENTIFIER = johnSinmaker.birghtsky;
				PRODUCT_NAME = "$(TARGET_NAME)";
				SUPPORTED_PLATFORMS = "iphoneos iphonesimulator";
				SUPPORTS_MACCATALYST = NO;
				SUPPORTS_MAC_DESIGNED_FOR_IPHONE_IPAD = NO;
				SUPPORTS_XR_DESIGNED_FOR_IPHONE_IPAD = NO;
				SWIFT_EMIT_LOC_STRINGS = YES;
				SWIFT_VERSION = 5.0;
				TARGETED_DEVICE_FAMILY = 1;
			};
			name = Release;
		};
/* End XCBuildConfiguration section */

/* Begin XCConfigurationList section */
		86535AEF2B35960800DD1D4F /* Build configuration list for PBXProject "BrightSky" */ = {
			isa = XCConfigurationList;
			buildConfigurations = (
				86535B092B35960900DD1D4F /* Debug */,
				86535B0A2B35960900DD1D4F /* Release */,
			);
			defaultConfigurationIsVisible = 0;
			defaultConfigurationName = Release;
		};
		86535B0B2B35960900DD1D4F /* Build configuration list for PBXNativeTarget "BrightSky" */ = {
			isa = XCConfigurationList;
			buildConfigurations = (
				86535B0C2B35960900DD1D4F /* Debug */,
				86535B0D2B35960900DD1D4F /* Release */,
			);
			defaultConfigurationIsVisible = 0;
			defaultConfigurationName = Release;
		};
/* End XCConfigurationList section */
	};
	rootObject = 86535AEC2B35960800DD1D4F /* Project object */;
}
